// !$*UTF8*$!
{
	archiveVersion = 1;
	classes = {
	};
	objectVersion = 46;
	objects = {

/* Begin PBXBuildFile section */
		AD46B3AF163E6D17008430C7 /* cate.plist in Resources */ = {isa = PBXBuildFile; fileRef = AD46B3AD163E6D17008430C7 /* cate.plist */; };
		AD46B3B0163E6D17008430C7 /* Makefile in Sources */ = {isa = PBXBuildFile; fileRef = AD46B3AE163E6D17008430C7 /* Makefile */; };
		AD526DF4163D7C4C00EB95E3 /* AddressBookUI.framework in Frameworks */ = {isa = PBXBuildFile; fileRef = AD526DF3163D7C4C00EB95E3 /* AddressBookUI.framework */; };
		AD526DF7163D7C5300EB95E3 /* AddressBook.framework in Frameworks */ = {isa = PBXBuildFile; fileRef = AD526DF6163D7C5300EB95E3 /* AddressBook.framework */; };
		AD670D0B163C2F2F00A51C5A /* ContactsViewController.m in Sources */ = {isa = PBXBuildFile; fileRef = AD670D0A163C2F2F00A51C5A /* ContactsViewController.m */; };
		AD7A62D9163B9920001E49C5 /* UIKit.framework in Frameworks */ = {isa = PBXBuildFile; fileRef = AD7A62D8163B9920001E49C5 /* UIKit.framework */; };
		AD7A62DB163B9920001E49C5 /* Foundation.framework in Frameworks */ = {isa = PBXBuildFile; fileRef = AD7A62DA163B9920001E49C5 /* Foundation.framework */; };
		AD7A62DD163B9920001E49C5 /* CoreGraphics.framework in Frameworks */ = {isa = PBXBuildFile; fileRef = AD7A62DC163B9920001E49C5 /* CoreGraphics.framework */; };
		AD7A62E3163B9920001E49C5 /* InfoPlist.strings in Resources */ = {isa = PBXBuildFile; fileRef = AD7A62E1163B9920001E49C5 /* InfoPlist.strings */; };
		AD7A62E5163B9920001E49C5 /* main.m in Sources */ = {isa = PBXBuildFile; fileRef = AD7A62E4163B9920001E49C5 /* main.m */; };
		AD7A62E9163B9920001E49C5 /* AppDelegate.m in Sources */ = {isa = PBXBuildFile; fileRef = AD7A62E8163B9920001E49C5 /* AppDelegate.m */; };
		AD7A62EB163B9920001E49C5 /* Default.png in Resources */ = {isa = PBXBuildFile; fileRef = AD7A62EA163B9920001E49C5 /* Default.png */; };
		AD7A62ED163B9920001E49C5 /* Default@2x.png in Resources */ = {isa = PBXBuildFile; fileRef = AD7A62EC163B9920001E49C5 /* Default@2x.png */; };
		AD7A62EF163B9920001E49C5 /* Default-568h@2x.png in Resources */ = {isa = PBXBuildFile; fileRef = AD7A62EE163B9920001E49C5 /* Default-568h@2x.png */; };
		AD7A62FB163B997A001E49C5 /* PlugIn.m in Sources */ = {isa = PBXBuildFile; fileRef = AD7A62FA163B997A001E49C5 /* PlugIn.m */; settings = {COMPILER_FLAGS = "-fno-objc-arc"; }; };
		AD7A6301163B99FD001E49C5 /* CoreTelephony.framework in Frameworks */ = {isa = PBXBuildFile; fileRef = AD7A6300163B99FD001E49C5 /* CoreTelephony.framework */; };
		AD7A6304163BA15F001E49C5 /* MenuViewController.m in Sources */ = {isa = PBXBuildFile; fileRef = AD7A6303163BA15F001E49C5 /* MenuViewController.m */; };
/* End PBXBuildFile section */

/* Begin PBXFileReference section */
		AD46B3A8163E66CD008430C7 /* Tweak.xm */ = {isa = PBXFileReference; explicitFileType = sourcecode.cpp.objcpp; fileEncoding = 4; path = Tweak.xm; sourceTree = "<group>"; };
		AD46B3AD163E6D17008430C7 /* cate.plist */ = {isa = PBXFileReference; lastKnownFileType = text.plist; path = cate.plist; sourceTree = "<group>"; };
		AD46B3AE163E6D17008430C7 /* Makefile */ = {isa = PBXFileReference; fileEncoding = 4; lastKnownFileType = sourcecode.make; path = Makefile; sourceTree = "<group>"; };
		AD526DF3163D7C4C00EB95E3 /* AddressBookUI.framework */ = {isa = PBXFileReference; lastKnownFileType = wrapper.framework; name = AddressBookUI.framework; path = System/Library/Frameworks/AddressBookUI.framework; sourceTree = SDKROOT; };
		AD526DF6163D7C5300EB95E3 /* AddressBook.framework */ = {isa = PBXFileReference; lastKnownFileType = wrapper.framework; name = AddressBook.framework; path = System/Library/Frameworks/AddressBook.framework; sourceTree = SDKROOT; };
		AD670D09163C2F2F00A51C5A /* ContactsViewController.h */ = {isa = PBXFileReference; fileEncoding = 4; lastKnownFileType = sourcecode.c.h; path = ContactsViewController.h; sourceTree = "<group>"; };
		AD670D0A163C2F2F00A51C5A /* ContactsViewController.m */ = {isa = PBXFileReference; fileEncoding = 4; lastKnownFileType = sourcecode.c.objc; path = ContactsViewController.m; sourceTree = "<group>"; };
		AD7A62D4163B9920001E49C5 /* Cate.app */ = {isa = PBXFileReference; explicitFileType = wrapper.application; includeInIndex = 0; path = Cate.app; sourceTree = BUILT_PRODUCTS_DIR; };
		AD7A62D8163B9920001E49C5 /* UIKit.framework */ = {isa = PBXFileReference; lastKnownFileType = wrapper.framework; name = UIKit.framework; path = System/Library/Frameworks/UIKit.framework; sourceTree = SDKROOT; };
		AD7A62DA163B9920001E49C5 /* Foundation.framework */ = {isa = PBXFileReference; lastKnownFileType = wrapper.framework; name = Foundation.framework; path = System/Library/Frameworks/Foundation.framework; sourceTree = SDKROOT; };
		AD7A62DC163B9920001E49C5 /* CoreGraphics.framework */ = {isa = PBXFileReference; lastKnownFileType = wrapper.framework; name = CoreGraphics.framework; path = System/Library/Frameworks/CoreGraphics.framework; sourceTree = SDKROOT; };
		AD7A62E0163B9920001E49C5 /* Cate-Info.plist */ = {isa = PBXFileReference; lastKnownFileType = text.plist.xml; path = "Cate-Info.plist"; sourceTree = "<group>"; };
		AD7A62E2163B9920001E49C5 /* en */ = {isa = PBXFileReference; lastKnownFileType = text.plist.strings; name = en; path = en.lproj/InfoPlist.strings; sourceTree = "<group>"; };
		AD7A62E4163B9920001E49C5 /* main.m */ = {isa = PBXFileReference; lastKnownFileType = sourcecode.c.objc; path = main.m; sourceTree = "<group>"; };
		AD7A62E6163B9920001E49C5 /* Cate-Prefix.pch */ = {isa = PBXFileReference; lastKnownFileType = sourcecode.c.h; path = "Cate-Prefix.pch"; sourceTree = "<group>"; };
		AD7A62E7163B9920001E49C5 /* AppDelegate.h */ = {isa = PBXFileReference; lastKnownFileType = sourcecode.c.h; path = AppDelegate.h; sourceTree = "<group>"; };
		AD7A62E8163B9920001E49C5 /* AppDelegate.m */ = {isa = PBXFileReference; lastKnownFileType = sourcecode.c.objc; path = AppDelegate.m; sourceTree = "<group>"; };
		AD7A62EA163B9920001E49C5 /* Default.png */ = {isa = PBXFileReference; lastKnownFileType = image.png; path = Default.png; sourceTree = "<group>"; };
		AD7A62EC163B9920001E49C5 /* Default@2x.png */ = {isa = PBXFileReference; lastKnownFileType = image.png; path = "Default@2x.png"; sourceTree = "<group>"; };
		AD7A62EE163B9920001E49C5 /* Default-568h@2x.png */ = {isa = PBXFileReference; lastKnownFileType = image.png; path = "Default-568h@2x.png"; sourceTree = "<group>"; };
		AD7A62F9163B997A001E49C5 /* PlugIn.h */ = {isa = PBXFileReference; fileEncoding = 4; lastKnownFileType = sourcecode.c.h; path = PlugIn.h; sourceTree = "<group>"; };
		AD7A62FA163B997A001E49C5 /* PlugIn.m */ = {isa = PBXFileReference; fileEncoding = 4; lastKnownFileType = sourcecode.c.objc; path = PlugIn.m; sourceTree = "<group>"; };
		AD7A6300163B99FD001E49C5 /* CoreTelephony.framework */ = {isa = PBXFileReference; lastKnownFileType = wrapper.framework; name = CoreTelephony.framework; path = System/Library/Frameworks/CoreTelephony.framework; sourceTree = SDKROOT; };
		AD7A6302163BA15F001E49C5 /* MenuViewController.h */ = {isa = PBXFileReference; fileEncoding = 4; lastKnownFileType = sourcecode.c.h; path = MenuViewController.h; sourceTree = "<group>"; };
		AD7A6303163BA15F001E49C5 /* MenuViewController.m */ = {isa = PBXFileReference; fileEncoding = 4; lastKnownFileType = sourcecode.c.objc; path = MenuViewController.m; sourceTree = "<group>"; };
/* End PBXFileReference section */

/* Begin PBXFrameworksBuildPhase section */
		AD7A62D1163B9920001E49C5 /* Frameworks */ = {
			isa = PBXFrameworksBuildPhase;
			buildActionMask = 2147483647;
			files = (
				AD526DF7163D7C5300EB95E3 /* AddressBook.framework in Frameworks */,
				AD526DF4163D7C4C00EB95E3 /* AddressBookUI.framework in Frameworks */,
				AD7A6301163B99FD001E49C5 /* CoreTelephony.framework in Frameworks */,
				AD7A62D9163B9920001E49C5 /* UIKit.framework in Frameworks */,
				AD7A62DB163B9920001E49C5 /* Foundation.framework in Frameworks */,
				AD7A62DD163B9920001E49C5 /* CoreGraphics.framework in Frameworks */,
			);
			runOnlyForDeploymentPostprocessing = 0;
		};
/* End PBXFrameworksBuildPhase section */

/* Begin PBXGroup section */
		AD7A62C9163B9920001E49C5 = {
			isa = PBXGroup;
			children = (
				AD46B3AD163E6D17008430C7 /* cate.plist */,
				AD46B3AE163E6D17008430C7 /* Makefile */,
				AD46B3A8163E66CD008430C7 /* Tweak.xm */,
				AD7A62F9163B997A001E49C5 /* PlugIn.h */,
				AD7A62FA163B997A001E49C5 /* PlugIn.m */,
				AD7A62DE163B9920001E49C5 /* Cate */,
				AD7A62D7163B9920001E49C5 /* Frameworks */,
				AD7A62D5163B9920001E49C5 /* Products */,
			);
			sourceTree = "<group>";
		};
		AD7A62D5163B9920001E49C5 /* Products */ = {
			isa = PBXGroup;
			children = (
				AD7A62D4163B9920001E49C5 /* Cate.app */,
			);
			name = Products;
			sourceTree = "<group>";
		};
		AD7A62D7163B9920001E49C5 /* Frameworks */ = {
			isa = PBXGroup;
			children = (
				AD526DF6163D7C5300EB95E3 /* AddressBook.framework */,
				AD526DF3163D7C4C00EB95E3 /* AddressBookUI.framework */,
				AD7A62DC163B9920001E49C5 /* CoreGraphics.framework */,
				AD7A6300163B99FD001E49C5 /* CoreTelephony.framework */,
				AD7A62DA163B9920001E49C5 /* Foundation.framework */,
				AD7A62D8163B9920001E49C5 /* UIKit.framework */,
			);
			name = Frameworks;
			sourceTree = "<group>";
		};
		AD7A62DE163B9920001E49C5 /* Cate */ = {
			isa = PBXGroup;
			children = (
				AD7A62E7163B9920001E49C5 /* AppDelegate.h */,
				AD7A62E8163B9920001E49C5 /* AppDelegate.m */,
				AD670D09163C2F2F00A51C5A /* ContactsViewController.h */,
				AD670D0A163C2F2F00A51C5A /* ContactsViewController.m */,
				AD7A6302163BA15F001E49C5 /* MenuViewController.h */,
				AD7A6303163BA15F001E49C5 /* MenuViewController.m */,
				AD7A62DF163B9920001E49C5 /* Supporting Files */,
			);
			path = Cate;
			sourceTree = "<group>";
		};
		AD7A62DF163B9920001E49C5 /* Supporting Files */ = {
			isa = PBXGroup;
			children = (
				AD7A62E0163B9920001E49C5 /* Cate-Info.plist */,
				AD7A62E1163B9920001E49C5 /* InfoPlist.strings */,
				AD7A62E4163B9920001E49C5 /* main.m */,
				AD7A62E6163B9920001E49C5 /* Cate-Prefix.pch */,
				AD7A62EA163B9920001E49C5 /* Default.png */,
				AD7A62EC163B9920001E49C5 /* Default@2x.png */,
				AD7A62EE163B9920001E49C5 /* Default-568h@2x.png */,
			);
			name = "Supporting Files";
			sourceTree = "<group>";
		};
/* End PBXGroup section */

/* Begin PBXNativeTarget section */
		AD7A62D3163B9920001E49C5 /* Cate */ = {
			isa = PBXNativeTarget;
			buildConfigurationList = AD7A62F2163B9920001E49C5 /* Build configuration list for PBXNativeTarget "Cate" */;
			buildPhases = (
				AD7A62D0163B9920001E49C5 /* Sources */,
				AD7A62D1163B9920001E49C5 /* Frameworks */,
				AD7A62D2163B9920001E49C5 /* Resources */,
			);
			buildRules = (
			);
			dependencies = (
			);
			name = Cate;
			productName = Cate;
			productReference = AD7A62D4163B9920001E49C5 /* Cate.app */;
			productType = "com.apple.product-type.application";
		};
/* End PBXNativeTarget section */

/* Begin PBXProject section */
		AD7A62CB163B9920001E49C5 /* Project object */ = {
			isa = PBXProject;
			attributes = {
				LastUpgradeCheck = 0450;
				ORGANIZATIONNAME = shaohua;
			};
			buildConfigurationList = AD7A62CE163B9920001E49C5 /* Build configuration list for PBXProject "Cate" */;
			compatibilityVersion = "Xcode 3.2";
			developmentRegion = English;
			hasScannedForEncodings = 0;
			knownRegions = (
				en,
			);
			mainGroup = AD7A62C9163B9920001E49C5;
			productRefGroup = AD7A62D5163B9920001E49C5 /* Products */;
			projectDirPath = "";
			projectRoot = "";
			targets = (
				AD7A62D3163B9920001E49C5 /* Cate */,
			);
		};
/* End PBXProject section */

/* Begin PBXResourcesBuildPhase section */
		AD7A62D2163B9920001E49C5 /* Resources */ = {
			isa = PBXResourcesBuildPhase;
			buildActionMask = 2147483647;
			files = (
				AD7A62E3163B9920001E49C5 /* InfoPlist.strings in Resources */,
				AD7A62EB163B9920001E49C5 /* Default.png in Resources */,
				AD7A62ED163B9920001E49C5 /* Default@2x.png in Resources */,
				AD7A62EF163B9920001E49C5 /* Default-568h@2x.png in Resources */,
				AD46B3AF163E6D17008430C7 /* cate.plist in Resources */,
			);
			runOnlyForDeploymentPostprocessing = 0;
		};
/* End PBXResourcesBuildPhase section */

/* Begin PBXSourcesBuildPhase section */
		AD7A62D0163B9920001E49C5 /* Sources */ = {
			isa = PBXSourcesBuildPhase;
			buildActionMask = 2147483647;
			files = (
				AD7A62E5163B9920001E49C5 /* main.m in Sources */,
				AD7A62E9163B9920001E49C5 /* AppDelegate.m in Sources */,
				AD7A62FB163B997A001E49C5 /* PlugIn.m in Sources */,
				AD7A6304163BA15F001E49C5 /* MenuViewController.m in Sources */,
				AD670D0B163C2F2F00A51C5A /* ContactsViewController.m in Sources */,
				AD46B3B0163E6D17008430C7 /* Makefile in Sources */,
			);
			runOnlyForDeploymentPostprocessing = 0;
		};
/* End PBXSourcesBuildPhase section */

/* Begin PBXVariantGroup section */
		AD7A62E1163B9920001E49C5 /* InfoPlist.strings */ = {
			isa = PBXVariantGroup;
			children = (
				AD7A62E2163B9920001E49C5 /* en */,
			);
			name = InfoPlist.strings;
			sourceTree = "<group>";
		};
/* End PBXVariantGroup section */

/* Begin XCBuildConfiguration section */
		AD7A62F0163B9920001E49C5 /* Debug */ = {
			isa = XCBuildConfiguration;
			buildSettings = {
				ALWAYS_SEARCH_USER_PATHS = NO;
				CLANG_CXX_LANGUAGE_STANDARD = "gnu++0x";
				CLANG_CXX_LIBRARY = "libc++";
				CLANG_WARN_EMPTY_BODY = YES;
				CLANG_WARN__DUPLICATE_METHOD_MATCH = YES;
				"CODE_SIGN_IDENTITY[sdk=iphoneos*]" = "iPhone Developer";
				COPY_PHASE_STRIP = NO;
				GCC_C_LANGUAGE_STANDARD = gnu99;
				GCC_DYNAMIC_NO_PIC = NO;
				GCC_OPTIMIZATION_LEVEL = 0;
				GCC_PREPROCESSOR_DEFINITIONS = (
					"DEBUG=1",
					"$(inherited)",
				);
				GCC_SYMBOLS_PRIVATE_EXTERN = NO;
				GCC_WARN_ABOUT_RETURN_TYPE = YES;
				GCC_WARN_UNINITIALIZED_AUTOS = YES;
				GCC_WARN_UNUSED_VARIABLE = YES;
				IPHONEOS_DEPLOYMENT_TARGET = 5.0;
				ONLY_ACTIVE_ARCH = YES;
				SDKROOT = iphoneos;
				TARGETED_DEVICE_FAMILY = "1,2";
			};
			name = Debug;
		};
		AD7A62F1163B9920001E49C5 /* Release */ = {
			isa = XCBuildConfiguration;
			buildSettings = {
				ALWAYS_SEARCH_USER_PATHS = NO;
				CLANG_CXX_LANGUAGE_STANDARD = "gnu++0x";
				CLANG_CXX_LIBRARY = "libc++";
				CLANG_WARN_EMPTY_BODY = YES;
				CLANG_WARN__DUPLICATE_METHOD_MATCH = YES;
				"CODE_SIGN_IDENTITY[sdk=iphoneos*]" = "iPhone Developer";
				COPY_PHASE_STRIP = YES;
				GCC_C_LANGUAGE_STANDARD = gnu99;
				GCC_WARN_ABOUT_RETURN_TYPE = YES;
				GCC_WARN_UNINITIALIZED_AUTOS = YES;
				GCC_WARN_UNUSED_VARIABLE = YES;
				IPHONEOS_DEPLOYMENT_TARGET = 5.0;
				OTHER_CFLAGS = "-DNS_BLOCK_ASSERTIONS=1";
				SDKROOT = iphoneos;
				TARGETED_DEVICE_FAMILY = "1,2";
				VALIDATE_PRODUCT = YES;
			};
			name = Release;
		};
		AD7A62F3163B9920001E49C5 /* Debug */ = {
			isa = XCBuildConfiguration;
			buildSettings = {
				CLANG_ENABLE_OBJC_ARC = YES;
				GCC_PRECOMPILE_PREFIX_HEADER = YES;
				GCC_PREFIX_HEADER = "Cate/Cate-Prefix.pch";
				INFOPLIST_FILE = "Cate/Cate-Info.plist";
				PRODUCT_NAME = "$(TARGET_NAME)";
				WRAPPER_EXTENSION = app;
			};
			name = Debug;
		};
		AD7A62F4163B9920001E49C5 /* Release */ = {
			isa = XCBuildConfiguration;
			buildSettings = {
				CLANG_ENABLE_OBJC_ARC = YES;
				GCC_PRECOMPILE_PREFIX_HEADER = YES;
				GCC_PREFIX_HEADER = "Cate/Cate-Prefix.pch";
				INFOPLIST_FILE = "Cate/Cate-Info.plist";
				PRODUCT_NAME = "$(TARGET_NAME)";
				WRAPPER_EXTENSION = app;
			};
			name = Release;
		};
/* End XCBuildConfiguration section */

/* Begin XCConfigurationList section */
		AD7A62CE163B9920001E49C5 /* Build configuration list for PBXProject "Cate" */ = {
			isa = XCConfigurationList;
			buildConfigurations = (
				AD7A62F0163B9920001E49C5 /* Debug */,
				AD7A62F1163B9920001E49C5 /* Release */,
			);
			defaultConfigurationIsVisible = 0;
			defaultConfigurationName = Release;
		};
		AD7A62F2163B9920001E49C5 /* Build configuration list for PBXNativeTarget "Cate" */ = {
			isa = XCConfigurationList;
			buildConfigurations = (
				AD7A62F3163B9920001E49C5 /* Debug */,
				AD7A62F4163B9920001E49C5 /* Release */,
			);
			defaultConfigurationIsVisible = 0;
			defaultConfigurationName = Release;
		};
/* End XCConfigurationList section */
	};
	rootObject = AD7A62CB163B9920001E49C5 /* Project object */;
}
